// !$*UTF8*$!
{
	archiveVersion = 1;
	classes = {
	};
	objectVersion = 56;
	objects = {

/* Begin PBXBuildFile section */
		C62991CA2A857DA300225521 /* SongComposer.swift in Sources */ = {isa = PBXBuildFile; fileRef = C62991C92A857DA300225521 /* SongComposer.swift */; };
		C6DD80422A7FA58E003182CE /* MidiPlayerApp.swift in Sources */ = {isa = PBXBuildFile; fileRef = C6DD80412A7FA58E003182CE /* MidiPlayerApp.swift */; };
		C6DD80442A7FA58E003182CE /* ContentView.swift in Sources */ = {isa = PBXBuildFile; fileRef = C6DD80432A7FA58E003182CE /* ContentView.swift */; };
		C6DD80462A7FA58F003182CE /* Assets.xcassets in Resources */ = {isa = PBXBuildFile; fileRef = C6DD80452A7FA58F003182CE /* Assets.xcassets */; };
		C6DD80492A7FA58F003182CE /* Preview Assets.xcassets in Resources */ = {isa = PBXBuildFile; fileRef = C6DD80482A7FA58F003182CE /* Preview Assets.xcassets */; };
		C6DD80502A7FA7B2003182CE /* Nokia_Tongbao_Bank__Series_30__8-bit.sf2 in Resources */ = {isa = PBXBuildFile; fileRef = C6DD804F2A7FA7B1003182CE /* Nokia_Tongbao_Bank__Series_30__8-bit.sf2 */; };
		C6DD80522A7FA881003182CE /* MidiPlayer.swift in Sources */ = {isa = PBXBuildFile; fileRef = C6DD80512A7FA881003182CE /* MidiPlayer.swift */; };
		C6DD80542A7FAC4F003182CE /* Song.swift in Sources */ = {isa = PBXBuildFile; fileRef = C6DD80532A7FAC4F003182CE /* Song.swift */; };
/* End PBXBuildFile section */

/* Begin PBXFileReference section */
		C62991C92A857DA300225521 /* SongComposer.swift */ = {isa = PBXFileReference; lastKnownFileType = sourcecode.swift; path = SongComposer.swift; sourceTree = "<group>"; };
		C6DD803E2A7FA58E003182CE /* MidiPlayer.app */ = {isa = PBXFileReference; explicitFileType = wrapper.application; includeInIndex = 0; path = MidiPlayer.app; sourceTree = BUILT_PRODUCTS_DIR; };
		C6DD80412A7FA58E003182CE /* MidiPlayerApp.swift */ = {isa = PBXFileReference; lastKnownFileType = sourcecode.swift; path = MidiPlayerApp.swift; sourceTree = "<group>"; };
		C6DD80432A7FA58E003182CE /* ContentView.swift */ = {isa = PBXFileReference; lastKnownFileType = sourcecode.swift; path = ContentView.swift; sourceTree = "<group>"; };
		C6DD80452A7FA58F003182CE /* Assets.xcassets */ = {isa = PBXFileReference; lastKnownFileType = folder.assetcatalog; path = Assets.xcassets; sourceTree = "<group>"; };
		C6DD80482A7FA58F003182CE /* Preview Assets.xcassets */ = {isa = PBXFileReference; lastKnownFileType = folder.assetcatalog; path = "Preview Assets.xcassets"; sourceTree = "<group>"; };
		C6DD804F2A7FA7B1003182CE /* Nokia_Tongbao_Bank__Series_30__8-bit.sf2 */ = {isa = PBXFileReference; lastKnownFileType = file; path = "Nokia_Tongbao_Bank__Series_30__8-bit.sf2"; sourceTree = "<group>"; };
		C6DD80512A7FA881003182CE /* MidiPlayer.swift */ = {isa = PBXFileReference; lastKnownFileType = sourcecode.swift; path = MidiPlayer.swift; sourceTree = "<group>"; };
		C6DD80532A7FAC4F003182CE /* Song.swift */ = {isa = PBXFileReference; lastKnownFileType = sourcecode.swift; path = Song.swift; sourceTree = "<group>"; };
/* End PBXFileReference section */

/* Begin PBXFrameworksBuildPhase section */
		C6DD803B2A7FA58E003182CE /* Frameworks */ = {
			isa = PBXFrameworksBuildPhase;
			buildActionMask = 2147483647;
			files = (
			);
			runOnlyForDeploymentPostprocessing = 0;
		};
/* End PBXFrameworksBuildPhase section */

/* Begin PBXGroup section */
		C6DD80352A7FA58E003182CE = {
			isa = PBXGroup;
			children = (
				C6DD80402A7FA58E003182CE /* MidiPlayer */,
				C6DD803F2A7FA58E003182CE /* Products */,
			);
			sourceTree = "<group>";
		};
		C6DD803F2A7FA58E003182CE /* Products */ = {
			isa = PBXGroup;
			children = (
				C6DD803E2A7FA58E003182CE /* MidiPlayer.app */,
			);
			name = Products;
			sourceTree = "<group>";
		};
		C6DD80402A7FA58E003182CE /* MidiPlayer */ = {
			isa = PBXGroup;
			children = (
				C6DD804F2A7FA7B1003182CE /* Nokia_Tongbao_Bank__Series_30__8-bit.sf2 */,
				C6DD80412A7FA58E003182CE /* MidiPlayerApp.swift */,
				C6DD80432A7FA58E003182CE /* ContentView.swift */,
				C6DD80452A7FA58F003182CE /* Assets.xcassets */,
				C6DD80472A7FA58F003182CE /* Preview Content */,
				C6DD80512A7FA881003182CE /* MidiPlayer.swift */,
				C6DD80532A7FAC4F003182CE /* Song.swift */,
				C62991C92A857DA300225521 /* SongComposer.swift */,
			);
			path = MidiPlayer;
			sourceTree = "<group>";
		};
		C6DD80472A7FA58F003182CE /* Preview Content */ = {
			isa = PBXGroup;
			children = (
				C6DD80482A7FA58F003182CE /* Preview Assets.xcassets */,
			);
			path = "Preview Content";
			sourceTree = "<group>";
		};
/* End PBXGroup section */

/* Begin PBXNativeTarget section */
		C6DD803D2A7FA58E003182CE /* MidiPlayer */ = {
			isa = PBXNativeTarget;
			buildConfigurationList = C6DD804C2A7FA58F003182CE /* Build configuration list for PBXNativeTarget "MidiPlayer" */;
			buildPhases = (
				C6DD803A2A7FA58E003182CE /* Sources */,
				C6DD803B2A7FA58E003182CE /* Frameworks */,
				C6DD803C2A7FA58E003182CE /* Resources */,
			);
			buildRules = (
			);
			dependencies = (
			);
			name = MidiPlayer;
			productName = MidiPlayer;
			productReference = C6DD803E2A7FA58E003182CE /* MidiPlayer.app */;
			productType = "com.apple.product-type.application";
		};
/* End PBXNativeTarget section */

/* Begin PBXProject section */
		C6DD80362A7FA58E003182CE /* Project object */ = {
			isa = PBXProject;
			attributes = {
				BuildIndependentTargetsInParallel = 1;
				LastSwiftUpdateCheck = 1430;
				LastUpgradeCheck = 1430;
				TargetAttributes = {
					C6DD803D2A7FA58E003182CE = {
						CreatedOnToolsVersion = 14.3.1;
					};
				};
			};
			buildConfigurationList = C6DD80392A7FA58E003182CE /* Build configuration list for PBXProject "MidiPlayer" */;
			compatibilityVersion = "Xcode 14.0";
			developmentRegion = en;
			hasScannedForEncodings = 0;
			knownRegions = (
				en,
				Base,
			);
			mainGroup = C6DD80352A7FA58E003182CE;
			productRefGroup = C6DD803F2A7FA58E003182CE /* Products */;
			projectDirPath = "";
			projectRoot = "";
			targets = (
				C6DD803D2A7FA58E003182CE /* MidiPlayer */,
			);
		};
/* End PBXProject section */

/* Begin PBXResourcesBuildPhase section */
		C6DD803C2A7FA58E003182CE /* Resources */ = {
			isa = PBXResourcesBuildPhase;
			buildActionMask = 2147483647;
			files = (
				C6DD80502A7FA7B2003182CE /* Nokia_Tongbao_Bank__Series_30__8-bit.sf2 in Resources */,
				C6DD80492A7FA58F003182CE /* Preview Assets.xcassets in Resources */,
				C6DD80462A7FA58F003182CE /* Assets.xcassets in Resources */,
			);
			runOnlyForDeploymentPostprocessing = 0;
		};
/* End PBXResourcesBuildPhase section */

/* Begin PBXSourcesBuildPhase section */
		C6DD803A2A7FA58E003182CE /* Sources */ = {
			isa = PBXSourcesBuildPhase;
			buildActionMask = 2147483647;
			files = (
				C62991CA2A857DA300225521 /* SongComposer.swift in Sources */,
				C6DD80542A7FAC4F003182CE /* Song.swift in Sources */,
				C6DD80522A7FA881003182CE /* MidiPlayer.swift in Sources */,
				C6DD80442A7FA58E003182CE /* ContentView.swift in Sources */,
				C6DD80422A7FA58E003182CE /* MidiPlayerApp.swift in Sources */,
			);
			runOnlyForDeploymentPostprocessing = 0;
		};
/* End PBXSourcesBuildPhase section */

/* Begin XCBuildConfiguration section */
		C6DD804A2A7FA58F003182CE /* Debug */ = {
			isa = XCBuildConfiguration;
			buildSettings = {
				ALWAYS_SEARCH_USER_PATHS = NO;
				CLANG_ANALYZER_NONNULL = YES;
				CLANG_ANALYZER_NUMBER_OBJECT_CONVERSION = YES_AGGRESSIVE;
				CLANG_CXX_LANGUAGE_STANDARD = "gnu++20";
				CLANG_ENABLE_MODULES = YES;
				CLANG_ENABLE_OBJC_ARC = YES;
				CLANG_ENABLE_OBJC_WEAK = YES;
				CLANG_WARN_BLOCK_CAPTURE_AUTORELEASING = YES;
				CLANG_WARN_BOOL_CONVERSION = YES;
				CLANG_WARN_COMMA = YES;
				CLANG_WARN_CONSTANT_CONVERSION = YES;
				CLANG_WARN_DEPRECATED_OBJC_IMPLEMENTATIONS = YES;
				CLANG_WARN_DIRECT_OBJC_ISA_USAGE = YES_ERROR;
				CLANG_WARN_DOCUMENTATION_COMMENTS = YES;
				CLANG_WARN_EMPTY_BODY = YES;
				CLANG_WARN_ENUM_CONVERSION = YES;
				CLANG_WARN_INFINITE_RECURSION = YES;
				CLANG_WARN_INT_CONVERSION = YES;
				CLANG_WARN_NON_LITERAL_NULL_CONVERSION = YES;
				CLANG_WARN_OBJC_IMPLICIT_RETAIN_SELF = YES;
				CLANG_WARN_OBJC_LITERAL_CONVERSION = YES;
				CLANG_WARN_OBJC_ROOT_CLASS = YES_ERROR;
				CLANG_WARN_QUOTED_INCLUDE_IN_FRAMEWORK_HEADER = YES;
				CLANG_WARN_RANGE_LOOP_ANALYSIS = YES;
				CLANG_WARN_STRICT_PROTOTYPES = YES;
				CLANG_WARN_SUSPICIOUS_MOVE = YES;
				CLANG_WARN_UNGUARDED_AVAILABILITY = YES_AGGRESSIVE;
				CLANG_WARN_UNREACHABLE_CODE = YES;
				CLANG_WARN__DUPLICATE_METHOD_MATCH = YES;
				COPY_PHASE_STRIP = NO;
				DEBUG_INFORMATION_FORMAT = dwarf;
				ENABLE_STRICT_OBJC_MSGSEND = YES;
				ENABLE_TESTABILITY = YES;
				GCC_C_LANGUAGE_STANDARD = gnu11;
				GCC_DYNAMIC_NO_PIC = NO;
				GCC_NO_COMMON_BLOCKS = YES;
				GCC_OPTIMIZATION_LEVEL = 0;
				GCC_PREPROCESSOR_DEFINITIONS = (
					"DEBUG=1",
					"$(inherited)",
				);
				GCC_WARN_64_TO_32_BIT_CONVERSION = YES;
				GCC_WARN_ABOUT_RETURN_TYPE = YES_ERROR;
				GCC_WARN_UNDECLARED_SELECTOR = YES;
				GCC_WARN_UNINITIALIZED_AUTOS = YES_AGGRESSIVE;
				GCC_WARN_UNUSED_FUNCTION = YES;
				GCC_WARN_UNUSED_VARIABLE = YES;
				IPHONEOS_DEPLOYMENT_TARGET = 16.4;
				MTL_ENABLE_DEBUG_INFO = INCLUDE_SOURCE;
				MTL_FAST_MATH = YES;
				ONLY_ACTIVE_ARCH = YES;
				SDKROOT = iphoneos;
				SWIFT_ACTIVE_COMPILATION_CONDITIONS = DEBUG;
				SWIFT_OPTIMIZATION_LEVEL = "-Onone";
			};
			name = Debug;
		};
		C6DD804B2A7FA58F003182CE /* Release */ = {
			isa = XCBuildConfiguration;
			buildSettings = {
				ALWAYS_SEARCH_USER_PATHS = NO;
				CLANG_ANALYZER_NONNULL = YES;
				CLANG_ANALYZER_NUMBER_OBJECT_CONVERSION = YES_AGGRESSIVE;
				CLANG_CXX_LANGUAGE_STANDARD = "gnu++20";
				CLANG_ENABLE_MODULES = YES;
				CLANG_ENABLE_OBJC_ARC = YES;
				CLANG_ENABLE_OBJC_WEAK = YES;
				CLANG_WARN_BLOCK_CAPTURE_AUTORELEASING = YES;
				CLANG_WARN_BOOL_CONVERSION = YES;
				CLANG_WARN_COMMA = YES;
				CLANG_WARN_CONSTANT_CONVERSION = YES;
				CLANG_WARN_DEPRECATED_OBJC_IMPLEMENTATIONS = YES;
				CLANG_WARN_DIRECT_OBJC_ISA_USAGE = YES_ERROR;
				CLANG_WARN_DOCUMENTATION_COMMENTS = YES;
				CLANG_WARN_EMPTY_BODY = YES;
				CLANG_WARN_ENUM_CONVERSION = YES;
				CLANG_WARN_INFINITE_RECURSION = YES;
				CLANG_WARN_INT_CONVERSION = YES;
				CLANG_WARN_NON_LITERAL_NULL_CONVERSION = YES;
				CLANG_WARN_OBJC_IMPLICIT_RETAIN_SELF = YES;
				CLANG_WARN_OBJC_LITERAL_CONVERSION = YES;
				CLANG_WARN_OBJC_ROOT_CLASS = YES_ERROR;
				CLANG_WARN_QUOTED_INCLUDE_IN_FRAMEWORK_HEADER = YES;
				CLANG_WARN_RANGE_LOOP_ANALYSIS = YES;
				CLANG_WARN_STRICT_PROTOTYPES = YES;
				CLANG_WARN_SUSPICIOUS_MOVE = YES;
				CLANG_WARN_UNGUARDED_AVAILABILITY = YES_AGGRESSIVE;
				CLANG_WARN_UNREACHABLE_CODE = YES;
				CLANG_WARN__DUPLICATE_METHOD_MATCH = YES;
				COPY_PHASE_STRIP = NO;
				DEBUG_INFORMATION_FORMAT = "dwarf-with-dsym";
				ENABLE_NS_ASSERTIONS = NO;
				ENABLE_STRICT_OBJC_MSGSEND = YES;
				GCC_C_LANGUAGE_STANDARD = gnu11;
				GCC_NO_COMMON_BLOCKS = YES;
				GCC_WARN_64_TO_32_BIT_CONVERSION = YES;
				GCC_WARN_ABOUT_RETURN_TYPE = YES_ERROR;
				GCC_WARN_UNDECLARED_SELECTOR = YES;
				GCC_WARN_UNINITIALIZED_AUTOS = YES_AGGRESSIVE;
				GCC_WARN_UNUSED_FUNCTION = YES;
				GCC_WARN_UNUSED_VARIABLE = YES;
				IPHONEOS_DEPLOYMENT_TARGET = 16.4;
				MTL_ENABLE_DEBUG_INFO = NO;
				MTL_FAST_MATH = YES;
				SDKROOT = iphoneos;
				SWIFT_COMPILATION_MODE = wholemodule;
				SWIFT_OPTIMIZATION_LEVEL = "-O";
				VALIDATE_PRODUCT = YES;
			};
			name = Release;
		};
		C6DD804D2A7FA58F003182CE /* Debug */ = {
			isa = XCBuildConfiguration;
			buildSettings = {
				ASSETCATALOG_COMPILER_APPICON_NAME = AppIcon;
				ASSETCATALOG_COMPILER_GLOBAL_ACCENT_COLOR_NAME = AccentColor;
				CODE_SIGN_STYLE = Automatic;
				CURRENT_PROJECT_VERSION = 1;
				DEVELOPMENT_ASSET_PATHS = "\"MidiPlayer/Preview Content\"";
				DEVELOPMENT_TEAM = PXQM3VQ5GD;
				ENABLE_PREVIEWS = YES;
				GENERATE_INFOPLIST_FILE = YES;
				INFOPLIST_KEY_UIApplicationSceneManifest_Generation = YES;
				INFOPLIST_KEY_UIApplicationSupportsIndirectInputEvents = YES;
				INFOPLIST_KEY_UILaunchScreen_Generation = YES;
				INFOPLIST_KEY_UISupportedInterfaceOrientations_iPad = "UIInterfaceOrientationPortrait UIInterfaceOrientationPortraitUpsideDown UIInterfaceOrientationLandscapeLeft UIInterfaceOrientationLandscapeRight";
				INFOPLIST_KEY_UISupportedInterfaceOrientations_iPhone = "UIInterfaceOrientationPortrait UIInterfaceOrientationLandscapeLeft UIInterfaceOrientationLandscapeRight";
				LD_RUNPATH_SEARCH_PATHS = (
					"$(inherited)",
					"@executable_path/Frameworks",
				);
				MARKETING_VERSION = 1.0;
				PRODUCT_BUNDLE_IDENTIFIER = site.modista.midiplayer.MidiPlayer;
				PRODUCT_NAME = "$(TARGET_NAME)";
				SWIFT_EMIT_LOC_STRINGS = YES;
				SWIFT_VERSION = 5.0;
				TARGETED_DEVICE_FAMILY = "1,2";
			};
			name = Debug;
		};
		C6DD804E2A7FA58F003182CE /* Release */ = {
			isa = XCBuildConfiguration;
			buildSettings = {
				ASSETCATALOG_COMPILER_APPICON_NAME = AppIcon;
				ASSETCATALOG_COMPILER_GLOBAL_ACCENT_COLOR_NAME = AccentColor;
				CODE_SIGN_STYLE = Automatic;
				CURRENT_PROJECT_VERSION = 1;
				DEVELOPMENT_ASSET_PATHS = "\"MidiPlayer/Preview Content\"";
				DEVELOPMENT_TEAM = PXQM3VQ5GD;
				ENABLE_PREVIEWS = YES;
				GENERATE_INFOPLIST_FILE = YES;
				INFOPLIST_KEY_UIApplicationSceneManifest_Generation = YES;
				INFOPLIST_KEY_UIApplicationSupportsIndirectInputEvents = YES;
				INFOPLIST_KEY_UILaunchScreen_Generation = YES;
				INFOPLIST_KEY_UISupportedInterfaceOrientations_iPad = "UIInterfaceOrientationPortrait UIInterfaceOrientationPortraitUpsideDown UIInterfaceOrientationLandscapeLeft UIInterfaceOrientationLandscapeRight";
				INFOPLIST_KEY_UISupportedInterfaceOrientations_iPhone = "UIInterfaceOrientationPortrait UIInterfaceOrientationLandscapeLeft UIInterfaceOrientationLandscapeRight";
				LD_RUNPATH_SEARCH_PATHS = (
					"$(inherited)",
					"@executable_path/Frameworks",
				);
				MARKETING_VERSION = 1.0;
				PRODUCT_BUNDLE_IDENTIFIER = site.modista.midiplayer.MidiPlayer;
				PRODUCT_NAME = "$(TARGET_NAME)";
				SWIFT_EMIT_LOC_STRINGS = YES;
				SWIFT_VERSION = 5.0;
				TARGETED_DEVICE_FAMILY = "1,2";
			};
			name = Release;
		};
/* End XCBuildConfiguration section */

/* Begin XCConfigurationList section */
		C6DD80392A7FA58E003182CE /* Build configuration list for PBXProject "MidiPlayer" */ = {
			isa = XCConfigurationList;
			buildConfigurations = (
				C6DD804A2A7FA58F003182CE /* Debug */,
				C6DD804B2A7FA58F003182CE /* Release */,
			);
			defaultConfigurationIsVisible = 0;
			defaultConfigurationName = Release;
		};
		C6DD804C2A7FA58F003182CE /* Build configuration list for PBXNativeTarget "MidiPlayer" */ = {
			isa = XCConfigurationList;
			buildConfigurations = (
				C6DD804D2A7FA58F003182CE /* Debug */,
				C6DD804E2A7FA58F003182CE /* Release */,
			);
			defaultConfigurationIsVisible = 0;
			defaultConfigurationName = Release;
		};
/* End XCConfigurationList section */
	};
	rootObject = C6DD80362A7FA58E003182CE /* Project object */;
}
